// !$*UTF8*$!
{
	archiveVersion = 1;
	classes = {
	};
	objectVersion = 50;
	objects = {

/* Begin PBXBuildFile section */
		8970E86B2280623300F3E3C3 /* BeerExtension.swift in Sources */ = {isa = PBXBuildFile; fileRef = 8970E86A2280623300F3E3C3 /* BeerExtension.swift */; };
		8970E86F2280698F00F3E3C3 /* DataRepository.swift in Sources */ = {isa = PBXBuildFile; fileRef = 8970E86E2280698F00F3E3C3 /* DataRepository.swift */; };
		8970E871228069F400F3E3C3 /* RepositoryProtocol.swift in Sources */ = {isa = PBXBuildFile; fileRef = 8970E870228069F400F3E3C3 /* RepositoryProtocol.swift */; };
		8970E87422806B5200F3E3C3 /* Constants.swift in Sources */ = {isa = PBXBuildFile; fileRef = 8970E87322806B5200F3E3C3 /* Constants.swift */; };
		8970E87622806D9400F3E3C3 /* Extensions.swift in Sources */ = {isa = PBXBuildFile; fileRef = 8970E87522806D9400F3E3C3 /* Extensions.swift */; };
		8970E87822806E9100F3E3C3 /* DataController.swift in Sources */ = {isa = PBXBuildFile; fileRef = 8970E87722806E9100F3E3C3 /* DataController.swift */; };
		8970E87C2280719B00F3E3C3 /* RemoteRepository.swift in Sources */ = {isa = PBXBuildFile; fileRef = 8970E87B2280719B00F3E3C3 /* RemoteRepository.swift */; };
		8970E87E228077B200F3E3C3 /* LocalRepository.swift in Sources */ = {isa = PBXBuildFile; fileRef = 8970E87D228077B200F3E3C3 /* LocalRepository.swift */; };
		8970E8832280BC3000F3E3C3 /* BaseViewController.swift in Sources */ = {isa = PBXBuildFile; fileRef = 8970E8822280BC3000F3E3C3 /* BaseViewController.swift */; };
		8977A76D2289AE1E00628B51 /* BeerDetailViewController.swift in Sources */ = {isa = PBXBuildFile; fileRef = 8977A76C2289AE1E00628B51 /* BeerDetailViewController.swift */; };
		899413B32274D3CA00559C31 /* AppDelegate.swift in Sources */ = {isa = PBXBuildFile; fileRef = 899413B22274D3CA00559C31 /* AppDelegate.swift */; };
		899413B82274D3CA00559C31 /* Main.storyboard in Resources */ = {isa = PBXBuildFile; fileRef = 899413B62274D3CA00559C31 /* Main.storyboard */; };
		899413BB2274D3CA00559C31 /* punkBeer.xcdatamodeld in Sources */ = {isa = PBXBuildFile; fileRef = 899413B92274D3CA00559C31 /* punkBeer.xcdatamodeld */; };
		899413BD2274D3CB00559C31 /* Assets.xcassets in Resources */ = {isa = PBXBuildFile; fileRef = 899413BC2274D3CB00559C31 /* Assets.xcassets */; };
		899413C02274D3CB00559C31 /* LaunchScreen.storyboard in Resources */ = {isa = PBXBuildFile; fileRef = 899413BE2274D3CB00559C31 /* LaunchScreen.storyboard */; };
		899413CB227614AE00559C31 /* SearchViewController.swift in Sources */ = {isa = PBXBuildFile; fileRef = 899413CA227614AE00559C31 /* SearchViewController.swift */; };
		899413CD227614DC00559C31 /* FavoritesViewController.swift in Sources */ = {isa = PBXBuildFile; fileRef = 899413CC227614DC00559C31 /* FavoritesViewController.swift */; };
		899413D1227616FF00559C31 /* BeerTableViewCell.swift in Sources */ = {isa = PBXBuildFile; fileRef = 899413CF227616FF00559C31 /* BeerTableViewCell.swift */; };
		899413D2227616FF00559C31 /* BeerTableViewCell.xib in Resources */ = {isa = PBXBuildFile; fileRef = 899413D0227616FF00559C31 /* BeerTableViewCell.xib */; };
/* End PBXBuildFile section */

/* Begin PBXFileReference section */
		8970E86A2280623300F3E3C3 /* BeerExtension.swift */ = {isa = PBXFileReference; lastKnownFileType = sourcecode.swift; path = BeerExtension.swift; sourceTree = "<group>"; };
		8970E86E2280698F00F3E3C3 /* DataRepository.swift */ = {isa = PBXFileReference; lastKnownFileType = sourcecode.swift; path = DataRepository.swift; sourceTree = "<group>"; };
		8970E870228069F400F3E3C3 /* RepositoryProtocol.swift */ = {isa = PBXFileReference; lastKnownFileType = sourcecode.swift; path = RepositoryProtocol.swift; sourceTree = "<group>"; };
		8970E87322806B5200F3E3C3 /* Constants.swift */ = {isa = PBXFileReference; lastKnownFileType = sourcecode.swift; path = Constants.swift; sourceTree = "<group>"; };
		8970E87522806D9400F3E3C3 /* Extensions.swift */ = {isa = PBXFileReference; lastKnownFileType = sourcecode.swift; path = Extensions.swift; sourceTree = "<group>"; };
		8970E87722806E9100F3E3C3 /* DataController.swift */ = {isa = PBXFileReference; lastKnownFileType = sourcecode.swift; path = DataController.swift; sourceTree = "<group>"; };
		8970E87B2280719B00F3E3C3 /* RemoteRepository.swift */ = {isa = PBXFileReference; lastKnownFileType = sourcecode.swift; path = RemoteRepository.swift; sourceTree = "<group>"; };
		8970E87D228077B200F3E3C3 /* LocalRepository.swift */ = {isa = PBXFileReference; lastKnownFileType = sourcecode.swift; path = LocalRepository.swift; sourceTree = "<group>"; };
		8970E8822280BC3000F3E3C3 /* BaseViewController.swift */ = {isa = PBXFileReference; lastKnownFileType = sourcecode.swift; path = BaseViewController.swift; sourceTree = "<group>"; };
		8977A76C2289AE1E00628B51 /* BeerDetailViewController.swift */ = {isa = PBXFileReference; lastKnownFileType = sourcecode.swift; path = BeerDetailViewController.swift; sourceTree = "<group>"; };
		899413AF2274D3CA00559C31 /* punkBeer.app */ = {isa = PBXFileReference; explicitFileType = wrapper.application; includeInIndex = 0; path = punkBeer.app; sourceTree = BUILT_PRODUCTS_DIR; };
		899413B22274D3CA00559C31 /* AppDelegate.swift */ = {isa = PBXFileReference; lastKnownFileType = sourcecode.swift; path = AppDelegate.swift; sourceTree = "<group>"; };
		899413B72274D3CA00559C31 /* Base */ = {isa = PBXFileReference; lastKnownFileType = file.storyboard; name = Base; path = Base.lproj/Main.storyboard; sourceTree = "<group>"; };
		899413BA2274D3CA00559C31 /* punkBeer.xcdatamodel */ = {isa = PBXFileReference; lastKnownFileType = wrapper.xcdatamodel; path = punkBeer.xcdatamodel; sourceTree = "<group>"; };
		899413BC2274D3CB00559C31 /* Assets.xcassets */ = {isa = PBXFileReference; lastKnownFileType = folder.assetcatalog; path = Assets.xcassets; sourceTree = "<group>"; };
		899413BF2274D3CB00559C31 /* Base */ = {isa = PBXFileReference; lastKnownFileType = file.storyboard; name = Base; path = Base.lproj/LaunchScreen.storyboard; sourceTree = "<group>"; };
		899413C12274D3CB00559C31 /* Info.plist */ = {isa = PBXFileReference; lastKnownFileType = text.plist.xml; path = Info.plist; sourceTree = "<group>"; };
		899413CA227614AE00559C31 /* SearchViewController.swift */ = {isa = PBXFileReference; lastKnownFileType = sourcecode.swift; path = SearchViewController.swift; sourceTree = "<group>"; };
		899413CC227614DC00559C31 /* FavoritesViewController.swift */ = {isa = PBXFileReference; lastKnownFileType = sourcecode.swift; path = FavoritesViewController.swift; sourceTree = "<group>"; };
		899413CF227616FF00559C31 /* BeerTableViewCell.swift */ = {isa = PBXFileReference; lastKnownFileType = sourcecode.swift; path = BeerTableViewCell.swift; sourceTree = "<group>"; };
		899413D0227616FF00559C31 /* BeerTableViewCell.xib */ = {isa = PBXFileReference; lastKnownFileType = file.xib; path = BeerTableViewCell.xib; sourceTree = "<group>"; };
/* End PBXFileReference section */

/* Begin PBXFrameworksBuildPhase section */
		899413AC2274D3CA00559C31 /* Frameworks */ = {
			isa = PBXFrameworksBuildPhase;
			buildActionMask = 2147483647;
			files = (
			);
			runOnlyForDeploymentPostprocessing = 0;
		};
/* End PBXFrameworksBuildPhase section */

/* Begin PBXGroup section */
		8970E86C2280689700F3E3C3 /* Remote */ = {
			isa = PBXGroup;
			children = (
				8970E86A2280623300F3E3C3 /* BeerExtension.swift */,
				8970E87B2280719B00F3E3C3 /* RemoteRepository.swift */,
			);
			path = Remote;
			sourceTree = "<group>";
		};
		8970E86D228068AA00F3E3C3 /* Local */ = {
			isa = PBXGroup;
			children = (
				899413B92274D3CA00559C31 /* punkBeer.xcdatamodeld */,
				8970E87D228077B200F3E3C3 /* LocalRepository.swift */,
				8970E87722806E9100F3E3C3 /* DataController.swift */,
			);
			path = Local;
			sourceTree = "<group>";
		};
		8970E87222806B1900F3E3C3 /* Utils */ = {
			isa = PBXGroup;
			children = (
				8970E87322806B5200F3E3C3 /* Constants.swift */,
				8970E87522806D9400F3E3C3 /* Extensions.swift */,
			);
			path = Utils;
			sourceTree = "<group>";
		};
		899413A62274D3CA00559C31 = {
			isa = PBXGroup;
			children = (
				899413B12274D3CA00559C31 /* punkBeer */,
				899413B02274D3CA00559C31 /* Products */,
			);
			sourceTree = "<group>";
		};
		899413B02274D3CA00559C31 /* Products */ = {
			isa = PBXGroup;
			children = (
				899413AF2274D3CA00559C31 /* punkBeer.app */,
			);
			name = Products;
			sourceTree = "<group>";
		};
		899413B12274D3CA00559C31 /* punkBeer */ = {
			isa = PBXGroup;
			children = (
				899413C72276130600559C31 /* Model */,
				8970E87222806B1900F3E3C3 /* Utils */,
				899413C92276133100559C31 /* Storyboard */,
				899413C82276130D00559C31 /* Views */,
				899413B22274D3CA00559C31 /* AppDelegate.swift */,
				899413BC2274D3CB00559C31 /* Assets.xcassets */,
				899413C12274D3CB00559C31 /* Info.plist */,
			);
			path = punkBeer;
			sourceTree = "<group>";
		};
		899413C72276130600559C31 /* Model */ = {
			isa = PBXGroup;
			children = (
				8970E86D228068AA00F3E3C3 /* Local */,
				8970E86C2280689700F3E3C3 /* Remote */,
				8970E86E2280698F00F3E3C3 /* DataRepository.swift */,
				8970E870228069F400F3E3C3 /* RepositoryProtocol.swift */,
			);
			path = Model;
			sourceTree = "<group>";
		};
		899413C82276130D00559C31 /* Views */ = {
			isa = PBXGroup;
			children = (
				899413CE227616CD00559C31 /* TableViewCell */,
				899413CA227614AE00559C31 /* SearchViewController.swift */,
				899413CC227614DC00559C31 /* FavoritesViewController.swift */,
				8970E8822280BC3000F3E3C3 /* BaseViewController.swift */,
				8977A76C2289AE1E00628B51 /* BeerDetailViewController.swift */,
			);
			path = Views;
			sourceTree = "<group>";
		};
		899413C92276133100559C31 /* Storyboard */ = {
			isa = PBXGroup;
			children = (
				899413B62274D3CA00559C31 /* Main.storyboard */,
				899413BE2274D3CB00559C31 /* LaunchScreen.storyboard */,
			);
			path = Storyboard;
			sourceTree = "<group>";
		};
		899413CE227616CD00559C31 /* TableViewCell */ = {
			isa = PBXGroup;
			children = (
				899413CF227616FF00559C31 /* BeerTableViewCell.swift */,
				899413D0227616FF00559C31 /* BeerTableViewCell.xib */,
			);
			path = TableViewCell;
			sourceTree = "<group>";
		};
/* End PBXGroup section */

/* Begin PBXNativeTarget section */
		899413AE2274D3CA00559C31 /* punkBeer */ = {
			isa = PBXNativeTarget;
			buildConfigurationList = 899413C42274D3CB00559C31 /* Build configuration list for PBXNativeTarget "punkBeer" */;
			buildPhases = (
				899413AB2274D3CA00559C31 /* Sources */,
				899413AC2274D3CA00559C31 /* Frameworks */,
				899413AD2274D3CA00559C31 /* Resources */,
			);
			buildRules = (
			);
			dependencies = (
			);
			name = punkBeer;
			productName = punkBeer;
			productReference = 899413AF2274D3CA00559C31 /* punkBeer.app */;
			productType = "com.apple.product-type.application";
		};
/* End PBXNativeTarget section */

/* Begin PBXProject section */
		899413A72274D3CA00559C31 /* Project object */ = {
			isa = PBXProject;
			attributes = {
				LastSwiftUpdateCheck = 1010;
				LastUpgradeCheck = 1010;
				ORGANIZATIONNAME = "Nicolau Atala";
				TargetAttributes = {
					899413AE2274D3CA00559C31 = {
						CreatedOnToolsVersion = 10.1;
					};
				};
			};
			buildConfigurationList = 899413AA2274D3CA00559C31 /* Build configuration list for PBXProject "punkBeer" */;
			compatibilityVersion = "Xcode 9.3";
			developmentRegion = en;
			hasScannedForEncodings = 0;
			knownRegions = (
				en,
				Base,
			);
			mainGroup = 899413A62274D3CA00559C31;
			productRefGroup = 899413B02274D3CA00559C31 /* Products */;
			projectDirPath = "";
			projectRoot = "";
			targets = (
				899413AE2274D3CA00559C31 /* punkBeer */,
			);
		};
/* End PBXProject section */

/* Begin PBXResourcesBuildPhase section */
		899413AD2274D3CA00559C31 /* Resources */ = {
			isa = PBXResourcesBuildPhase;
			buildActionMask = 2147483647;
			files = (
				899413C02274D3CB00559C31 /* LaunchScreen.storyboard in Resources */,
				899413BD2274D3CB00559C31 /* Assets.xcassets in Resources */,
				899413B82274D3CA00559C31 /* Main.storyboard in Resources */,
				899413D2227616FF00559C31 /* BeerTableViewCell.xib in Resources */,
			);
			runOnlyForDeploymentPostprocessing = 0;
		};
/* End PBXResourcesBuildPhase section */

/* Begin PBXSourcesBuildPhase section */
		899413AB2274D3CA00559C31 /* Sources */ = {
			isa = PBXSourcesBuildPhase;
			buildActionMask = 2147483647;
			files = (
				899413CB227614AE00559C31 /* SearchViewController.swift in Sources */,
				899413BB2274D3CA00559C31 /* punkBeer.xcdatamodeld in Sources */,
				899413CD227614DC00559C31 /* FavoritesViewController.swift in Sources */,
				8970E87C2280719B00F3E3C3 /* RemoteRepository.swift in Sources */,
				899413B32274D3CA00559C31 /* AppDelegate.swift in Sources */,
				8970E8832280BC3000F3E3C3 /* BaseViewController.swift in Sources */,
				8970E86F2280698F00F3E3C3 /* DataRepository.swift in Sources */,
				8970E87822806E9100F3E3C3 /* DataController.swift in Sources */,
				8977A76D2289AE1E00628B51 /* BeerDetailViewController.swift in Sources */,
				8970E87622806D9400F3E3C3 /* Extensions.swift in Sources */,
				8970E87E228077B200F3E3C3 /* LocalRepository.swift in Sources */,
				8970E871228069F400F3E3C3 /* RepositoryProtocol.swift in Sources */,
				899413D1227616FF00559C31 /* BeerTableViewCell.swift in Sources */,
				8970E86B2280623300F3E3C3 /* BeerExtension.swift in Sources */,
				8970E87422806B5200F3E3C3 /* Constants.swift in Sources */,
			);
			runOnlyForDeploymentPostprocessing = 0;
		};
/* End PBXSourcesBuildPhase section */

/* Begin PBXVariantGroup section */
		899413B62274D3CA00559C31 /* Main.storyboard */ = {
			isa = PBXVariantGroup;
			children = (
				899413B72274D3CA00559C31 /* Base */,
			);
			name = Main.storyboard;
			sourceTree = "<group>";
		};
		899413BE2274D3CB00559C31 /* LaunchScreen.storyboard */ = {
			isa = PBXVariantGroup;
			children = (
				899413BF2274D3CB00559C31 /* Base */,
			);
			name = LaunchScreen.storyboard;
			sourceTree = "<group>";
		};
/* End PBXVariantGroup section */

/* Begin XCBuildConfiguration section */
		899413C22274D3CB00559C31 /* Debug */ = {
			isa = XCBuildConfiguration;
			buildSettings = {
				ALWAYS_SEARCH_USER_PATHS = NO;
				CLANG_ANALYZER_NONNULL = YES;
				CLANG_ANALYZER_NUMBER_OBJECT_CONVERSION = YES_AGGRESSIVE;
				CLANG_CXX_LANGUAGE_STANDARD = "gnu++14";
				CLANG_CXX_LIBRARY = "libc++";
				CLANG_ENABLE_MODULES = YES;
				CLANG_ENABLE_OBJC_ARC = YES;
				CLANG_ENABLE_OBJC_WEAK = YES;
				CLANG_WARN_BLOCK_CAPTURE_AUTORELEASING = YES;
				CLANG_WARN_BOOL_CONVERSION = YES;
				CLANG_WARN_COMMA = YES;
				CLANG_WARN_CONSTANT_CONVERSION = YES;
				CLANG_WARN_DEPRECATED_OBJC_IMPLEMENTATIONS = YES;
				CLANG_WARN_DIRECT_OBJC_ISA_USAGE = YES_ERROR;
				CLANG_WARN_DOCUMENTATION_COMMENTS = YES;
				CLANG_WARN_EMPTY_BODY = YES;
				CLANG_WARN_ENUM_CONVERSION = YES;
				CLANG_WARN_INFINITE_RECURSION = YES;
				CLANG_WARN_INT_CONVERSION = YES;
				CLANG_WARN_NON_LITERAL_NULL_CONVERSION = YES;
				CLANG_WARN_OBJC_IMPLICIT_RETAIN_SELF = YES;
				CLANG_WARN_OBJC_LITERAL_CONVERSION = YES;
				CLANG_WARN_OBJC_ROOT_CLASS = YES_ERROR;
				CLANG_WARN_RANGE_LOOP_ANALYSIS = YES;
				CLANG_WARN_STRICT_PROTOTYPES = YES;
				CLANG_WARN_SUSPICIOUS_MOVE = YES;
				CLANG_WARN_UNGUARDED_AVAILABILITY = YES_AGGRESSIVE;
				CLANG_WARN_UNREACHABLE_CODE = YES;
				CLANG_WARN__DUPLICATE_METHOD_MATCH = YES;
				CODE_SIGN_IDENTITY = "iPhone Developer";
				COPY_PHASE_STRIP = NO;
				DEBUG_INFORMATION_FORMAT = dwarf;
				ENABLE_STRICT_OBJC_MSGSEND = YES;
				ENABLE_TESTABILITY = YES;
				GCC_C_LANGUAGE_STANDARD = gnu11;
				GCC_DYNAMIC_NO_PIC = NO;
				GCC_NO_COMMON_BLOCKS = YES;
				GCC_OPTIMIZATION_LEVEL = 0;
				GCC_PREPROCESSOR_DEFINITIONS = (
					"DEBUG=1",
					"$(inherited)",
				);
				GCC_WARN_64_TO_32_BIT_CONVERSION = YES;
				GCC_WARN_ABOUT_RETURN_TYPE = YES_ERROR;
				GCC_WARN_UNDECLARED_SELECTOR = YES;
				GCC_WARN_UNINITIALIZED_AUTOS = YES_AGGRESSIVE;
				GCC_WARN_UNUSED_FUNCTION = YES;
				GCC_WARN_UNUSED_VARIABLE = YES;
				IPHONEOS_DEPLOYMENT_TARGET = 12.1;
				MTL_ENABLE_DEBUG_INFO = INCLUDE_SOURCE;
				MTL_FAST_MATH = YES;
				ONLY_ACTIVE_ARCH = YES;
				SDKROOT = iphoneos;
				SWIFT_ACTIVE_COMPILATION_CONDITIONS = DEBUG;
				SWIFT_OPTIMIZATION_LEVEL = "-Onone";
			};
			name = Debug;
		};
		899413C32274D3CB00559C31 /* Release */ = {
			isa = XCBuildConfiguration;
			buildSettings = {
				ALWAYS_SEARCH_USER_PATHS = NO;
				CLANG_ANALYZER_NONNULL = YES;
				CLANG_ANALYZER_NUMBER_OBJECT_CONVERSION = YES_AGGRESSIVE;
				CLANG_CXX_LANGUAGE_STANDARD = "gnu++14";
				CLANG_CXX_LIBRARY = "libc++";
				CLANG_ENABLE_MODULES = YES;
				CLANG_ENABLE_OBJC_ARC = YES;
				CLANG_ENABLE_OBJC_WEAK = YES;
				CLANG_WARN_BLOCK_CAPTURE_AUTORELEASING = YES;
				CLANG_WARN_BOOL_CONVERSION = YES;
				CLANG_WARN_COMMA = YES;
				CLANG_WARN_CONSTANT_CONVERSION = YES;
				CLANG_WARN_DEPRECATED_OBJC_IMPLEMENTATIONS = YES;
				CLANG_WARN_DIRECT_OBJC_ISA_USAGE = YES_ERROR;
				CLANG_WARN_DOCUMENTATION_COMMENTS = YES;
				CLANG_WARN_EMPTY_BODY = YES;
				CLANG_WARN_ENUM_CONVERSION = YES;
				CLANG_WARN_INFINITE_RECURSION = YES;
				CLANG_WARN_INT_CONVERSION = YES;
				CLANG_WARN_NON_LITERAL_NULL_CONVERSION = YES;
				CLANG_WARN_OBJC_IMPLICIT_RETAIN_SELF = YES;
				CLANG_WARN_OBJC_LITERAL_CONVERSION = YES;
				CLANG_WARN_OBJC_ROOT_CLASS = YES_ERROR;
				CLANG_WARN_RANGE_LOOP_ANALYSIS = YES;
				CLANG_WARN_STRICT_PROTOTYPES = YES;
				CLANG_WARN_SUSPICIOUS_MOVE = YES;
				CLANG_WARN_UNGUARDED_AVAILABILITY = YES_AGGRESSIVE;
				CLANG_WARN_UNREACHABLE_CODE = YES;
				CLANG_WARN__DUPLICATE_METHOD_MATCH = YES;
				CODE_SIGN_IDENTITY = "iPhone Developer";
				COPY_PHASE_STRIP = NO;
				DEBUG_INFORMATION_FORMAT = "dwarf-with-dsym";
				ENABLE_NS_ASSERTIONS = NO;
				ENABLE_STRICT_OBJC_MSGSEND = YES;
				GCC_C_LANGUAGE_STANDARD = gnu11;
				GCC_NO_COMMON_BLOCKS = YES;
				GCC_WARN_64_TO_32_BIT_CONVERSION = YES;
				GCC_WARN_ABOUT_RETURN_TYPE = YES_ERROR;
				GCC_WARN_UNDECLARED_SELECTOR = YES;
				GCC_WARN_UNINITIALIZED_AUTOS = YES_AGGRESSIVE;
				GCC_WARN_UNUSED_FUNCTION = YES;
				GCC_WARN_UNUSED_VARIABLE = YES;
				IPHONEOS_DEPLOYMENT_TARGET = 12.1;
				MTL_ENABLE_DEBUG_INFO = NO;
				MTL_FAST_MATH = YES;
				SDKROOT = iphoneos;
				SWIFT_COMPILATION_MODE = wholemodule;
				SWIFT_OPTIMIZATION_LEVEL = "-O";
				VALIDATE_PRODUCT = YES;
			};
			name = Release;
		};
		899413C52274D3CB00559C31 /* Debug */ = {
			isa = XCBuildConfiguration;
			buildSettings = {
				ASSETCATALOG_COMPILER_APPICON_NAME = AppIcon;
				CODE_SIGN_STYLE = Automatic;
				DEVELOPMENT_TEAM = ZXYSZCCRU7;
				INFOPLIST_FILE = punkBeer/Info.plist;
				LD_RUNPATH_SEARCH_PATHS = (
					"$(inherited)",
					"@executable_path/Frameworks",
				);
				PRODUCT_BUNDLE_IDENTIFIER = nicolauatala.punkBeer;
				PRODUCT_NAME = "$(TARGET_NAME)";
				SWIFT_VERSION = 4.2;
				TARGETED_DEVICE_FAMILY = "1,2";
			};
			name = Debug;
		};
		899413C62274D3CB00559C31 /* Release */ = {
			isa = XCBuildConfiguration;
			buildSettings = {
				ASSETCATALOG_COMPILER_APPICON_NAME = AppIcon;
				CODE_SIGN_STYLE = Automatic;
				DEVELOPMENT_TEAM = ZXYSZCCRU7;
				INFOPLIST_FILE = punkBeer/Info.plist;
				LD_RUNPATH_SEARCH_PATHS = (
					"$(inherited)",
					"@executable_path/Frameworks",
				);
				PRODUCT_BUNDLE_IDENTIFIER = nicolauatala.punkBeer;
				PRODUCT_NAME = "$(TARGET_NAME)";
				SWIFT_VERSION = 4.2;
				TARGETED_DEVICE_FAMILY = "1,2";
			};
			name = Release;
		};
/* End XCBuildConfiguration section */

/* Begin XCConfigurationList section */
		899413AA2274D3CA00559C31 /* Build configuration list for PBXProject "punkBeer" */ = {
			isa = XCConfigurationList;
			buildConfigurations = (
				899413C22274D3CB00559C31 /* Debug */,
				899413C32274D3CB00559C31 /* Release */,
			);
			defaultConfigurationIsVisible = 0;
			defaultConfigurationName = Release;
		};
		899413C42274D3CB00559C31 /* Build configuration list for PBXNativeTarget "punkBeer" */ = {
			isa = XCConfigurationList;
			buildConfigurations = (
				899413C52274D3CB00559C31 /* Debug */,
				899413C62274D3CB00559C31 /* Release */,
			);
			defaultConfigurationIsVisible = 0;
			defaultConfigurationName = Release;
		};
/* End XCConfigurationList section */

/* Begin XCVersionGroup section */
		899413B92274D3CA00559C31 /* punkBeer.xcdatamodeld */ = {
			isa = XCVersionGroup;
			children = (
				899413BA2274D3CA00559C31 /* punkBeer.xcdatamodel */,
			);
			currentVersion = 899413BA2274D3CA00559C31 /* punkBeer.xcdatamodel */;
			path = punkBeer.xcdatamodeld;
			sourceTree = "<group>";
			versionGroupType = wrapper.xcdatamodel;
		};
/* End XCVersionGroup section */
	};
	rootObject = 899413A72274D3CA00559C31 /* Project object */;
}
